
Microsoft Visual Studio Solution File, Format Version 12.00
# Visual Studio Version 17
VisualStudioVersion = 17.6.33801.468
MinimumVisualStudioVersion = 10.0.40219.1
Project("{FAE04EC0-301F-11D3-BF4B-00C04F79EFBC}") = "ShapeCalculationLibrary", "ShapeCalculationLibrary\ShapeCalculationLibrary.csproj", "{1B4FA243-0846-48BC-BF93-E53900424CBD}"
EndProject
Project("{2150E333-8FDC-42A3-9474-1A3956D46DE8}") = "Tests", "Tests", "{F939BB63-CC95-4608-8056-4023EB999168}"
EndProject
Project("{FAE04EC0-301F-11D3-BF4B-00C04F79EFBC}") = "ShapeCalculationLibraryTest", "ShapeCalculationLibraryTest\ShapeCalculationLibraryTest.csproj", "{81293006-E81F-4B83-ACAB-3B530D97905F}"
EndProject
Global
	GlobalSection(SolutionConfigurationPlatforms) = preSolution
		Debug|Any CPU = Debug|Any CPU
		Release|Any CPU = Release|Any CPU
	EndGlobalSection
	GlobalSection(ProjectConfigurationPlatforms) = postSolution
		{1B4FA243-0846-48BC-BF93-E53900424CBD}.Debug|Any CPU.ActiveCfg = Debug|Any CPU
		{1B4FA243-0846-48BC-BF93-E53900424CBD}.Debug|Any CPU.Build.0 = Debug|Any CPU
		{1B4FA243-0846-48BC-BF93-E53900424CBD}.Release|Any CPU.ActiveCfg = Release|Any CPU
		{1B4FA243-0846-48BC-BF93-E53900424CBD}.Release|Any CPU.Build.0 = Release|Any CPU
		{81293006-E81F-4B83-ACAB-3B530D97905F}.Debug|Any CPU.ActiveCfg = Debug|Any CPU
		{81293006-E81F-4B83-ACAB-3B530D97905F}.Debug|Any CPU.Build.0 = Debug|Any CPU
		{81293006-E81F-4B83-ACAB-3B530D97905F}.Release|Any CPU.ActiveCfg = Release|Any CPU
		{81293006-E81F-4B83-ACAB-3B530D97905F}.Release|Any CPU.Build.0 = Release|Any CPU
	EndGlobalSection
	GlobalSection(SolutionProperties) = preSolution
		HideSolutionNode = FALSE
	EndGlobalSection
	GlobalSection(NestedProjects) = preSolution
		{81293006-E81F-4B83-ACAB-3B530D97905F} = {F939BB63-CC95-4608-8056-4023EB999168}
	EndGlobalSection
	GlobalSection(ExtensibilityGlobals) = postSolution
		SolutionGuid = {1AF4488A-D2FC-42C5-A076-1CB439AA8AD4}
	EndGlobalSection
EndGlobal
